// !$*UTF8*$!
{
	archiveVersion = 1;
	classes = {
	};
	objectVersion = 46;
	objects = {

/* Begin PBXBuildFile section */
		6BB4DAD11BF90315003385C3 /* pion.c in Sources */ = {isa = PBXBuildFile; fileRef = 6BB4DACF1BF90315003385C3 /* pion.c */; };
		6BB4DAD41BF90862003385C3 /* case.c in Sources */ = {isa = PBXBuildFile; fileRef = 6BB4DAD21BF90861003385C3 /* case.c */; };
		6BB4DADA1BF90F24003385C3 /* damier.c in Sources */ = {isa = PBXBuildFile; fileRef = 6BB4DAD81BF90F24003385C3 /* damier.c */; };
		6BB4DADD1BF920E6003385C3 /* joueur.c in Sources */ = {isa = PBXBuildFile; fileRef = 6BB4DADC1BF920E6003385C3 /* joueur.c */; };
		7A4C41811BF8FF0700A1E528 /* main.c in Sources */ = {isa = PBXBuildFile; fileRef = 7A4C41801BF8FF0700A1E528 /* main.c */; };
/* End PBXBuildFile section */

/* Begin PBXCopyFilesBuildPhase section */
		7A4C417B1BF8FF0700A1E528 /* CopyFiles */ = {
			isa = PBXCopyFilesBuildPhase;
			buildActionMask = 2147483647;
			dstPath = /usr/share/man/man1/;
			dstSubfolderSpec = 0;
			files = (
			);
			runOnlyForDeploymentPostprocessing = 1;
		};
/* End PBXCopyFilesBuildPhase section */

/* Begin PBXFileReference section */
		6BB4DACF1BF90315003385C3 /* pion.c */ = {isa = PBXFileReference; fileEncoding = 4; lastKnownFileType = sourcecode.c.c; path = pion.c; sourceTree = "<group>"; };
		6BB4DAD21BF90861003385C3 /* case.c */ = {isa = PBXFileReference; fileEncoding = 4; lastKnownFileType = sourcecode.c.c; path = case.c; sourceTree = "<group>"; };
		6BB4DAD51BF9088A003385C3 /* model.h */ = {isa = PBXFileReference; lastKnownFileType = sourcecode.c.h; path = model.h; sourceTree = "<group>"; };
		6BB4DAD81BF90F24003385C3 /* damier.c */ = {isa = PBXFileReference; fileEncoding = 4; lastKnownFileType = sourcecode.c.c; path = damier.c; sourceTree = "<group>"; };
		6BB4DADB1BF91AEA003385C3 /* view.h */ = {isa = PBXFileReference; lastKnownFileType = sourcecode.c.h; path = view.h; sourceTree = "<group>"; };
		6BB4DADC1BF920E6003385C3 /* joueur.c */ = {isa = PBXFileReference; fileEncoding = 4; lastKnownFileType = sourcecode.c.c; path = joueur.c; sourceTree = "<group>"; };
		7A4C417D1BF8FF0700A1E528 /* Shing Shang */ = {isa = PBXFileReference; explicitFileType = "compiled.mach-o.executable"; includeInIndex = 0; path = "Shing Shang"; sourceTree = BUILT_PRODUCTS_DIR; };
		7A4C41801BF8FF0700A1E528 /* main.c */ = {isa = PBXFileReference; lastKnownFileType = sourcecode.c.c; path = main.c; sourceTree = "<group>"; };
/* End PBXFileReference section */

/* Begin PBXFrameworksBuildPhase section */
		7A4C417A1BF8FF0700A1E528 /* Frameworks */ = {
			isa = PBXFrameworksBuildPhase;
			buildActionMask = 2147483647;
			files = (
			);
			runOnlyForDeploymentPostprocessing = 0;
		};
/* End PBXFrameworksBuildPhase section */

/* Begin PBXGroup section */
		6BB4DAD61BF90994003385C3 /* model */ = {
			isa = PBXGroup;
			children = (
				6BB4DACF1BF90315003385C3 /* pion.c */,
				6BB4DAD21BF90861003385C3 /* case.c */,
				6BB4DAD51BF9088A003385C3 /* model.h */,
				6BB4DADC1BF920E6003385C3 /* joueur.c */,
			);
			name = model;
			sourceTree = "<group>";
		};
		6BB4DAD71BF90F0E003385C3 /* view */ = {
			isa = PBXGroup;
			children = (
				6BB4DAD81BF90F24003385C3 /* damier.c */,
				6BB4DADB1BF91AEA003385C3 /* view.h */,
			);
			name = view;
			sourceTree = "<group>";
		};
		7A4C41741BF8FF0700A1E528 = {
			isa = PBXGroup;
			children = (
				7A4C417F1BF8FF0700A1E528 /* Shing Shang */,
				7A4C417E1BF8FF0700A1E528 /* Products */,
			);
			sourceTree = "<group>";
		};
		7A4C417E1BF8FF0700A1E528 /* Products */ = {
			isa = PBXGroup;
			children = (
				7A4C417D1BF8FF0700A1E528 /* Shing Shang */,
			);
			name = Products;
			sourceTree = "<group>";
		};
		7A4C417F1BF8FF0700A1E528 /* Shing Shang */ = {
			isa = PBXGroup;
			children = (
				6BB4DAD71BF90F0E003385C3 /* view */,
				6BB4DAD61BF90994003385C3 /* model */,
				7A4C41801BF8FF0700A1E528 /* main.c */,
			);
			path = "Shing Shang";
			sourceTree = "<group>";
		};
/* End PBXGroup section */

/* Begin PBXNativeTarget section */
		7A4C417C1BF8FF0700A1E528 /* Shing Shang */ = {
			isa = PBXNativeTarget;
			buildConfigurationList = 7A4C41841BF8FF0700A1E528 /* Build configuration list for PBXNativeTarget "Shing Shang" */;
			buildPhases = (
				7A4C41791BF8FF0700A1E528 /* Sources */,
				7A4C417A1BF8FF0700A1E528 /* Frameworks */,
				7A4C417B1BF8FF0700A1E528 /* CopyFiles */,
			);
			buildRules = (
			);
			dependencies = (
			);
			name = "Shing Shang";
			productName = "Shing Shang";
			productReference = 7A4C417D1BF8FF0700A1E528 /* Shing Shang */;
			productType = "com.apple.product-type.tool";
		};
/* End PBXNativeTarget section */

/* Begin PBXProject section */
		7A4C41751BF8FF0700A1E528 /* Project object */ = {
			isa = PBXProject;
			attributes = {
				LastUpgradeCheck = 0710;
				ORGANIZATIONNAME = "Adrien Boiseau";
				TargetAttributes = {
					7A4C417C1BF8FF0700A1E528 = {
						CreatedOnToolsVersion = 7.1.1;
					};
				};
			};
			buildConfigurationList = 7A4C41781BF8FF0700A1E528 /* Build configuration list for PBXProject "Shing Shang" */;
			compatibilityVersion = "Xcode 3.2";
			developmentRegion = English;
			hasScannedForEncodings = 0;
			knownRegions = (
				en,
			);
			mainGroup = 7A4C41741BF8FF0700A1E528;
			productRefGroup = 7A4C417E1BF8FF0700A1E528 /* Products */;
			projectDirPath = "";
			projectRoot = "";
			targets = (
				7A4C417C1BF8FF0700A1E528 /* Shing Shang */,
			);
		};
/* End PBXProject section */

/* Begin PBXSourcesBuildPhase section */
		7A4C41791BF8FF0700A1E528 /* Sources */ = {
			isa = PBXSourcesBuildPhase;
			buildActionMask = 2147483647;
			files = (
				7A4C41811BF8FF0700A1E528 /* main.c in Sources */,
				6BB4DAD11BF90315003385C3 /* pion.c in Sources */,
				6BB4DAD41BF90862003385C3 /* case.c in Sources */,
				6BB4DADA1BF90F24003385C3 /* damier.c in Sources */,
				6BB4DADD1BF920E6003385C3 /* joueur.c in Sources */,
			);
			runOnlyForDeploymentPostprocessing = 0;
		};
/* End PBXSourcesBuildPhase section */

/* Begin XCBuildConfiguration section */
		7A4C41821BF8FF0700A1E528 /* Debug */ = {
			isa = XCBuildConfiguration;
			buildSettings = {
				ALWAYS_SEARCH_USER_PATHS = NO;
				CLANG_CXX_LANGUAGE_STANDARD = "gnu++0x";
				CLANG_CXX_LIBRARY = "libc++";
				CLANG_ENABLE_MODULES = YES;
				CLANG_ENABLE_OBJC_ARC = YES;
				CLANG_WARN_BOOL_CONVERSION = YES;
				CLANG_WARN_CONSTANT_CONVERSION = YES;
				CLANG_WARN_DIRECT_OBJC_ISA_USAGE = YES_ERROR;
				CLANG_WARN_EMPTY_BODY = YES;
				CLANG_WARN_ENUM_CONVERSION = YES;
				CLANG_WARN_INT_CONVERSION = YES;
				CLANG_WARN_OBJC_ROOT_CLASS = YES_ERROR;
				CLANG_WARN_UNREACHABLE_CODE = YES;
				CLANG_WARN__DUPLICATE_METHOD_MATCH = YES;
				CODE_SIGN_IDENTITY = "-";
				COPY_PHASE_STRIP = NO;
				DEBUG_INFORMATION_FORMAT = dwarf;
				ENABLE_STRICT_OBJC_MSGSEND = YES;
				ENABLE_TESTABILITY = YES;
				GCC_C_LANGUAGE_STANDARD = gnu99;
				GCC_DYNAMIC_NO_PIC = NO;
				GCC_NO_COMMON_BLOCKS = YES;
				GCC_OPTIMIZATION_LEVEL = 0;
				GCC_PREPROCESSOR_DEFINITIONS = (
					"DEBUG=1",
					"$(inherited)",
				);
				GCC_WARN_64_TO_32_BIT_CONVERSION = YES;
				GCC_WARN_ABOUT_RETURN_TYPE = YES_ERROR;
				GCC_WARN_UNDECLARED_SELECTOR = YES;
				GCC_WARN_UNINITIALIZED_AUTOS = YES_AGGRESSIVE;
				GCC_WARN_UNUSED_FUNCTION = YES;
				GCC_WARN_UNUSED_VARIABLE = YES;
				MACOSX_DEPLOYMENT_TARGET = 10.11;
				MTL_ENABLE_DEBUG_INFO = YES;
				ONLY_ACTIVE_ARCH = YES;
				SDKROOT = macosx;
			};
			name = Debug;
		};
		7A4C41831BF8FF0700A1E528 /* Release */ = {
			isa = XCBuildConfiguration;
			buildSettings = {
				ALWAYS_SEARCH_USER_PATHS = NO;
				CLANG_CXX_LANGUAGE_STANDARD = "gnu++0x";
				CLANG_CXX_LIBRARY = "libc++";
				CLANG_ENABLE_MODULES = YES;
				CLANG_ENABLE_OBJC_ARC = YES;
				CLANG_WARN_BOOL_CONVERSION = YES;
				CLANG_WARN_CONSTANT_CONVERSION = YES;
				CLANG_WARN_DIRECT_OBJC_ISA_USAGE = YES_ERROR;
				CLANG_WARN_EMPTY_BODY = YES;
				CLANG_WARN_ENUM_CONVERSION = YES;
				CLANG_WARN_INT_CONVERSION = YES;
				CLANG_WARN_OBJC_ROOT_CLASS = YES_ERROR;
				CLANG_WARN_UNREACHABLE_CODE = YES;
				CLANG_WARN__DUPLICATE_METHOD_MATCH = YES;
				CODE_SIGN_IDENTITY = "-";
				COPY_PHASE_STRIP = NO;
				DEBUG_INFORMATION_FORMAT = "dwarf-with-dsym";
				ENABLE_NS_ASSERTIONS = NO;
				ENABLE_STRICT_OBJC_MSGSEND = YES;
				GCC_C_LANGUAGE_STANDARD = gnu99;
				GCC_NO_COMMON_BLOCKS = YES;
				GCC_WARN_64_TO_32_BIT_CONVERSION = YES;
				GCC_WARN_ABOUT_RETURN_TYPE = YES_ERROR;
				GCC_WARN_UNDECLARED_SELECTOR = YES;
				GCC_WARN_UNINITIALIZED_AUTOS = YES_AGGRESSIVE;
				GCC_WARN_UNUSED_FUNCTION = YES;
				GCC_WARN_UNUSED_VARIABLE = YES;
				MACOSX_DEPLOYMENT_TARGET = 10.11;
				MTL_ENABLE_DEBUG_INFO = NO;
				SDKROOT = macosx;
			};
			name = Release;
		};
		7A4C41851BF8FF0700A1E528 /* Debug */ = {
			isa = XCBuildConfiguration;
			buildSettings = {
				PRODUCT_NAME = "$(TARGET_NAME)";
			};
			name = Debug;
		};
		7A4C41861BF8FF0700A1E528 /* Release */ = {
			isa = XCBuildConfiguration;
			buildSettings = {
				PRODUCT_NAME = "$(TARGET_NAME)";
			};
			name = Release;
		};
/* End XCBuildConfiguration section */

/* Begin XCConfigurationList section */
		7A4C41781BF8FF0700A1E528 /* Build configuration list for PBXProject "Shing Shang" */ = {
			isa = XCConfigurationList;
			buildConfigurations = (
				7A4C41821BF8FF0700A1E528 /* Debug */,
				7A4C41831BF8FF0700A1E528 /* Release */,
			);
			defaultConfigurationIsVisible = 0;
			defaultConfigurationName = Release;
		};
		7A4C41841BF8FF0700A1E528 /* Build configuration list for PBXNativeTarget "Shing Shang" */ = {
			isa = XCConfigurationList;
			buildConfigurations = (
				7A4C41851BF8FF0700A1E528 /* Debug */,
				7A4C41861BF8FF0700A1E528 /* Release */,
			);
			defaultConfigurationIsVisible = 0;
			defaultConfigurationName = Release;
		};
/* End XCConfigurationList section */
	};
	rootObject = 7A4C41751BF8FF0700A1E528 /* Project object */;
}
